
Microsoft Visual Studio Solution File, Format Version 12.00
# Visual Studio Version 16
VisualStudioVersion = 16.0.30330.147
MinimumVisualStudioVersion = 10.0.40219.1
Project("{FAE04EC0-301F-11D3-BF4B-00C04F79EFBC}") = "PostOffice_Model", "PostOffice_Model\PostOffice_Model.csproj", "{7E195A58-ACD8-4E14-B200-4AEC9B16641C}"
EndProject
Project("{FAE04EC0-301F-11D3-BF4B-00C04F79EFBC}") = "PostOfficeApplication", "PostOfficeApplication\PostOfficeApplication.csproj", "{E6973EF9-4AD5-40A5-B44E-026A068F0F83}"
EndProject
Global
	GlobalSection(SolutionConfigurationPlatforms) = preSolution
		Debug|Any CPU = Debug|Any CPU
		Release|Any CPU = Release|Any CPU
	EndGlobalSection
	GlobalSection(ProjectConfigurationPlatforms) = postSolution
		{7E195A58-ACD8-4E14-B200-4AEC9B16641C}.Debug|Any CPU.ActiveCfg = Debug|Any CPU
		{7E195A58-ACD8-4E14-B200-4AEC9B16641C}.Debug|Any CPU.Build.0 = Debug|Any CPU
		{7E195A58-ACD8-4E14-B200-4AEC9B16641C}.Release|Any CPU.ActiveCfg = Release|Any CPU
		{7E195A58-ACD8-4E14-B200-4AEC9B16641C}.Release|Any CPU.Build.0 = Release|Any CPU
		{E6973EF9-4AD5-40A5-B44E-026A068F0F83}.Debug|Any CPU.ActiveCfg = Debug|Any CPU
		{E6973EF9-4AD5-40A5-B44E-026A068F0F83}.Debug|Any CPU.Build.0 = Debug|Any CPU
		{E6973EF9-4AD5-40A5-B44E-026A068F0F83}.Release|Any CPU.ActiveCfg = Release|Any CPU
		{E6973EF9-4AD5-40A5-B44E-026A068F0F83}.Release|Any CPU.Build.0 = Release|Any CPU
	EndGlobalSection
	GlobalSection(SolutionProperties) = preSolution
		HideSolutionNode = FALSE
	EndGlobalSection
	GlobalSection(ExtensibilityGlobals) = postSolution
		SolutionGuid = {4579D66D-BE29-415C-A614-685137780001}
	EndGlobalSection
EndGlobal
